
Microsoft Visual Studio Solution File, Format Version 12.00
# Visual Studio Version 16
VisualStudioVersion = 16.0.31313.79
MinimumVisualStudioVersion = 10.0.40219.1
Project("{FAE04EC0-301F-11D3-BF4B-00C04F79EFBC}") = "MobilePay", "MobilePay\MobilePay.csproj", "{9DD5A5E9-B8A9-4424-A1CC-A6AB2B1372B1}"
EndProject
Global
	GlobalSection(SolutionConfigurationPlatforms) = preSolution
		Debug|Any CPU = Debug|Any CPU
		Release|Any CPU = Release|Any CPU
	EndGlobalSection
	GlobalSection(ProjectConfigurationPlatforms) = postSolution
		{9DD5A5E9-B8A9-4424-A1CC-A6AB2B1372B1}.Debug|Any CPU.ActiveCfg = Debug|Any CPU
		{9DD5A5E9-B8A9-4424-A1CC-A6AB2B1372B1}.Debug|Any CPU.Build.0 = Debug|Any CPU
		{9DD5A5E9-B8A9-4424-A1CC-A6AB2B1372B1}.Release|Any CPU.ActiveCfg = Release|Any CPU
		{9DD5A5E9-B8A9-4424-A1CC-A6AB2B1372B1}.Release|Any CPU.Build.0 = Release|Any CPU
	EndGlobalSection
	GlobalSection(SolutionProperties) = preSolution
		HideSolutionNode = FALSE
	EndGlobalSection
	GlobalSection(ExtensibilityGlobals) = postSolution
		SolutionGuid = {7E77963D-B3A3-40A2-AB63-7C4FFCD03C79}
	EndGlobalSection
EndGlobal
